
Microsoft Visual Studio Solution File, Format Version 12.00
# Visual Studio Version 17
VisualStudioVersion = 17.7.34221.43
MinimumVisualStudioVersion = 10.0.40219.1
Project("{2150E333-8FDC-42A3-9474-1A3956D46DE8}") = "src", "src", "{94531FD0-E9A8-4E68-B74E-DF9C604584B9}"
EndProject
Project("{2150E333-8FDC-42A3-9474-1A3956D46DE8}") = "test", "test", "{4E33F5C3-0113-4855-8919-C08F6E03E826}"
EndProject
Project("{2150E333-8FDC-42A3-9474-1A3956D46DE8}") = "root", "root", "{D909F381-E357-4558-B236-279BB3035269}"
	ProjectSection(SolutionItems) = preProject
		.gitattributes = .gitattributes
		.gitignore = .gitignore
		README.md = README.md
	EndProjectSection
EndProject
Project("{2150E333-8FDC-42A3-9474-1A3956D46DE8}") = "Api", "Api", "{4F3DB3EF-2AF3-4CD3-B6C3-FC9011ED02A0}"
EndProject
Project("{2150E333-8FDC-42A3-9474-1A3956D46DE8}") = "Lib", "Lib", "{74A9074C-CA36-42D1-9BC7-72969D95B716}"
EndProject
Project("{2150E333-8FDC-42A3-9474-1A3956D46DE8}") = "Services", "Services", "{E7749708-2281-4B40-A8EC-E9EEC59B58F5}"
EndProject
Project("{9A19103F-16F7-4668-BE54-9A1E7A4F7556}") = "Data", "src\Lib\Data\Data.csproj", "{8BA06FEE-6612-43C5-8ECC-D3922F0C516D}"
EndProject
Project("{9A19103F-16F7-4668-BE54-9A1E7A4F7556}") = "CongestionTaxCalculator", "src\Api\CongestionTaxCalculator\CongestionTaxCalculator.csproj", "{296D9CD5-FC02-4BD0-A552-0CD0DFD39248}"
EndProject
Project("{9A19103F-16F7-4668-BE54-9A1E7A4F7556}") = "Entities", "src\Lib\Entities\Entities.csproj", "{3FC9F76B-3773-4911-A806-8D19A64E8303}"
EndProject
Project("{9A19103F-16F7-4668-BE54-9A1E7A4F7556}") = "Models", "src\Lib\Models\Models.csproj", "{70725243-A851-4609-8437-0EF0B0B3F060}"
EndProject
Project("{9A19103F-16F7-4668-BE54-9A1E7A4F7556}") = "Repositories", "src\Services\Repositories\Repositories.csproj", "{005F7797-8CA3-47C9-8DE9-E95363774BAE}"
EndProject
Project("{9A19103F-16F7-4668-BE54-9A1E7A4F7556}") = "Services", "src\Services\Services\Services.csproj", "{B16961AE-DF51-4F81-872A-CCC39DB1B568}"
EndProject
Project("{9A19103F-16F7-4668-BE54-9A1E7A4F7556}") = "WebFramework", "src\Api\WebFramework\WebFramework.csproj", "{773DFEF0-8D66-46F1-9C1E-F3613EE44A49}"
EndProject
Project("{2150E333-8FDC-42A3-9474-1A3956D46DE8}") = "Utility", "Utility", "{686D47C6-5333-4725-AFB5-2098F158A467}"
EndProject
Project("{9A19103F-16F7-4668-BE54-9A1E7A4F7556}") = "Common", "src\Utility\Common\Common.csproj", "{928DCB6E-B755-4B73-B4FA-11256E24484B}"
EndProject
Global
	GlobalSection(SolutionConfigurationPlatforms) = preSolution
		Debug|Any CPU = Debug|Any CPU
		Release|Any CPU = Release|Any CPU
	EndGlobalSection
	GlobalSection(ProjectConfigurationPlatforms) = postSolution
		{8BA06FEE-6612-43C5-8ECC-D3922F0C516D}.Debug|Any CPU.ActiveCfg = Debug|Any CPU
		{8BA06FEE-6612-43C5-8ECC-D3922F0C516D}.Debug|Any CPU.Build.0 = Debug|Any CPU
		{8BA06FEE-6612-43C5-8ECC-D3922F0C516D}.Release|Any CPU.ActiveCfg = Release|Any CPU
		{8BA06FEE-6612-43C5-8ECC-D3922F0C516D}.Release|Any CPU.Build.0 = Release|Any CPU
		{296D9CD5-FC02-4BD0-A552-0CD0DFD39248}.Debug|Any CPU.ActiveCfg = Debug|Any CPU
		{296D9CD5-FC02-4BD0-A552-0CD0DFD39248}.Debug|Any CPU.Build.0 = Debug|Any CPU
		{296D9CD5-FC02-4BD0-A552-0CD0DFD39248}.Release|Any CPU.ActiveCfg = Release|Any CPU
		{296D9CD5-FC02-4BD0-A552-0CD0DFD39248}.Release|Any CPU.Build.0 = Release|Any CPU
		{3FC9F76B-3773-4911-A806-8D19A64E8303}.Debug|Any CPU.ActiveCfg = Debug|Any CPU
		{3FC9F76B-3773-4911-A806-8D19A64E8303}.Debug|Any CPU.Build.0 = Debug|Any CPU
		{3FC9F76B-3773-4911-A806-8D19A64E8303}.Release|Any CPU.ActiveCfg = Release|Any CPU
		{3FC9F76B-3773-4911-A806-8D19A64E8303}.Release|Any CPU.Build.0 = Release|Any CPU
		{70725243-A851-4609-8437-0EF0B0B3F060}.Debug|Any CPU.ActiveCfg = Debug|Any CPU
		{70725243-A851-4609-8437-0EF0B0B3F060}.Debug|Any CPU.Build.0 = Debug|Any CPU
		{70725243-A851-4609-8437-0EF0B0B3F060}.Release|Any CPU.ActiveCfg = Release|Any CPU
		{70725243-A851-4609-8437-0EF0B0B3F060}.Release|Any CPU.Build.0 = Release|Any CPU
		{005F7797-8CA3-47C9-8DE9-E95363774BAE}.Debug|Any CPU.ActiveCfg = Debug|Any CPU
		{005F7797-8CA3-47C9-8DE9-E95363774BAE}.Debug|Any CPU.Build.0 = Debug|Any CPU
		{005F7797-8CA3-47C9-8DE9-E95363774BAE}.Release|Any CPU.ActiveCfg = Release|Any CPU
		{005F7797-8CA3-47C9-8DE9-E95363774BAE}.Release|Any CPU.Build.0 = Release|Any CPU
		{B16961AE-DF51-4F81-872A-CCC39DB1B568}.Debug|Any CPU.ActiveCfg = Debug|Any CPU
		{B16961AE-DF51-4F81-872A-CCC39DB1B568}.Debug|Any CPU.Build.0 = Debug|Any CPU
		{B16961AE-DF51-4F81-872A-CCC39DB1B568}.Release|Any CPU.ActiveCfg = Release|Any CPU
		{B16961AE-DF51-4F81-872A-CCC39DB1B568}.Release|Any CPU.Build.0 = Release|Any CPU
		{773DFEF0-8D66-46F1-9C1E-F3613EE44A49}.Debug|Any CPU.ActiveCfg = Debug|Any CPU
		{773DFEF0-8D66-46F1-9C1E-F3613EE44A49}.Debug|Any CPU.Build.0 = Debug|Any CPU
		{773DFEF0-8D66-46F1-9C1E-F3613EE44A49}.Release|Any CPU.ActiveCfg = Release|Any CPU
		{773DFEF0-8D66-46F1-9C1E-F3613EE44A49}.Release|Any CPU.Build.0 = Release|Any CPU
		{928DCB6E-B755-4B73-B4FA-11256E24484B}.Debug|Any CPU.ActiveCfg = Debug|Any CPU
		{928DCB6E-B755-4B73-B4FA-11256E24484B}.Debug|Any CPU.Build.0 = Debug|Any CPU
		{928DCB6E-B755-4B73-B4FA-11256E24484B}.Release|Any CPU.ActiveCfg = Release|Any CPU
		{928DCB6E-B755-4B73-B4FA-11256E24484B}.Release|Any CPU.Build.0 = Release|Any CPU
	EndGlobalSection
	GlobalSection(SolutionProperties) = preSolution
		HideSolutionNode = FALSE
	EndGlobalSection
	GlobalSection(NestedProjects) = preSolution
		{4F3DB3EF-2AF3-4CD3-B6C3-FC9011ED02A0} = {94531FD0-E9A8-4E68-B74E-DF9C604584B9}
		{74A9074C-CA36-42D1-9BC7-72969D95B716} = {94531FD0-E9A8-4E68-B74E-DF9C604584B9}
		{E7749708-2281-4B40-A8EC-E9EEC59B58F5} = {94531FD0-E9A8-4E68-B74E-DF9C604584B9}
		{8BA06FEE-6612-43C5-8ECC-D3922F0C516D} = {74A9074C-CA36-42D1-9BC7-72969D95B716}
		{296D9CD5-FC02-4BD0-A552-0CD0DFD39248} = {4F3DB3EF-2AF3-4CD3-B6C3-FC9011ED02A0}
		{3FC9F76B-3773-4911-A806-8D19A64E8303} = {74A9074C-CA36-42D1-9BC7-72969D95B716}
		{70725243-A851-4609-8437-0EF0B0B3F060} = {74A9074C-CA36-42D1-9BC7-72969D95B716}
		{005F7797-8CA3-47C9-8DE9-E95363774BAE} = {E7749708-2281-4B40-A8EC-E9EEC59B58F5}
		{B16961AE-DF51-4F81-872A-CCC39DB1B568} = {E7749708-2281-4B40-A8EC-E9EEC59B58F5}
		{773DFEF0-8D66-46F1-9C1E-F3613EE44A49} = {4F3DB3EF-2AF3-4CD3-B6C3-FC9011ED02A0}
		{686D47C6-5333-4725-AFB5-2098F158A467} = {94531FD0-E9A8-4E68-B74E-DF9C604584B9}
		{928DCB6E-B755-4B73-B4FA-11256E24484B} = {686D47C6-5333-4725-AFB5-2098F158A467}
	EndGlobalSection
	GlobalSection(ExtensibilityGlobals) = postSolution
		SolutionGuid = {7A9E3CD4-D30B-4C28-B43B-3B40FD835C2E}
	EndGlobalSection
EndGlobal
